{
  "name": "stallari-plugins",
  "lockfileVersion": 3,
  "requires": true,
  "packages": {
    "": {
      "dependencies": {
        "yaml": "^2.7.0"
      },
      "devDependencies": {
        "stallari-secops-scanner": "github:Groupthink-dev/stallari-secops-scanner"
      }
    },
    "node_modules/stallari-secops-scanner": {
      "version": "0.2.0",
      "resolved": "git+ssh://git@github.com/Groupthink-dev/stallari-secops-scanner.git#7904c42835fe89a94e1448fa8e5ded8de5210987",
      "dev": true,
      "license": "MIT",
      "dependencies": {
        "yaml": "^2.7.0"
      },
      "bin": {
        "stallari-secops-scanner": "dist/cli.js"
      }
    },
    "node_modules/yaml": {
      "version": "2.8.3",
      "resolved": "https://registry.npmjs.org/yaml/-/yaml-2.8.3.tgz",
      "integrity": "sha512-AvbaCLOO2Otw/lW5bmh9d/WEdcDFdQp2Z2ZUH3pX9U2ihyUY0nvLv7J6TrWowklRGPYbB/IuIMfYgxaCPg5Bpg==",
      "license": "ISC",
      "bin": {
        "yaml": "bin.mjs"
      },
      "engines": {
        "node": ">= 14.6"
      },
      "funding": {
        "url": "https://github.com/sponsors/eemeli"
      }
    }
  }
}
